
Microsoft Visual Studio Solution File, Format Version 12.00
# Visual Studio Version 17
VisualStudioVersion = 17.8.34525.116
MinimumVisualStudioVersion = 10.0.40219.1
Project("{FAE04EC0-301F-11D3-BF4B-00C04F79EFBC}") = "ProductApi", "ProductApi\ProductApi.csproj", "{F9C56AC8-705C-4B5E-9CE1-5C5F275007F6}"
EndProject
Global
	GlobalSection(SolutionConfigurationPlatforms) = preSolution
		Debug|Any CPU = Debug|Any CPU
		Release|Any CPU = Release|Any CPU
	EndGlobalSection
	GlobalSection(ProjectConfigurationPlatforms) = postSolution
		{F9C56AC8-705C-4B5E-9CE1-5C5F275007F6}.Debug|Any CPU.ActiveCfg = Debug|Any CPU
		{F9C56AC8-705C-4B5E-9CE1-5C5F275007F6}.Debug|Any CPU.Build.0 = Debug|Any CPU
		{F9C56AC8-705C-4B5E-9CE1-5C5F275007F6}.Release|Any CPU.ActiveCfg = Release|Any CPU
		{F9C56AC8-705C-4B5E-9CE1-5C5F275007F6}.Release|Any CPU.Build.0 = Release|Any CPU
	EndGlobalSection
	GlobalSection(SolutionProperties) = preSolution
		HideSolutionNode = FALSE
	EndGlobalSection
	GlobalSection(ExtensibilityGlobals) = postSolution
		SolutionGuid = {F4B601ED-DFA8-4B41-91BF-5BEEAA900FA5}
	EndGlobalSection
EndGlobal
